
Microsoft Visual Studio Solution File, Format Version 12.00
Project("{FAE04EC0-301F-11D3-BF4B-00C04F79EFBC}") = "ChecksumChecker", "ChecksumChecker.csproj", "{8994CDA4-0566-4A92-91A5-1226906D574E}"
EndProject
Global
	GlobalSection(SolutionConfigurationPlatforms) = preSolution
		Debug|Any CPU = Debug|Any CPU
		Release|Any CPU = Release|Any CPU
	EndGlobalSection
	GlobalSection(ProjectConfigurationPlatforms) = postSolution
		{8994CDA4-0566-4A92-91A5-1226906D574E}.Debug|Any CPU.ActiveCfg = Debug|Any CPU
		{8994CDA4-0566-4A92-91A5-1226906D574E}.Debug|Any CPU.Build.0 = Debug|Any CPU
		{8994CDA4-0566-4A92-91A5-1226906D574E}.Release|Any CPU.ActiveCfg = Release|Any CPU
		{8994CDA4-0566-4A92-91A5-1226906D574E}.Release|Any CPU.Build.0 = Release|Any CPU
	EndGlobalSection
EndGlobal
