
Microsoft Visual Studio Solution File, Format Version 12.00
# Visual Studio Version 17
VisualStudioVersion = 17.6.33829.357
MinimumVisualStudioVersion = 10.0.40219.1
Project("{FAE04EC0-301F-11D3-BF4B-00C04F79EFBC}") = "BasicMathGame", "BasicMathGame.csproj", "{B1AE3211-4DD4-411C-81EF-E01754031ACB}"
EndProject
Global
	GlobalSection(SolutionConfigurationPlatforms) = preSolution
		Debug|Any CPU = Debug|Any CPU
		Release|Any CPU = Release|Any CPU
	EndGlobalSection
	GlobalSection(ProjectConfigurationPlatforms) = postSolution
		{B1AE3211-4DD4-411C-81EF-E01754031ACB}.Debug|Any CPU.ActiveCfg = Debug|Any CPU
		{B1AE3211-4DD4-411C-81EF-E01754031ACB}.Debug|Any CPU.Build.0 = Debug|Any CPU
		{B1AE3211-4DD4-411C-81EF-E01754031ACB}.Release|Any CPU.ActiveCfg = Release|Any CPU
		{B1AE3211-4DD4-411C-81EF-E01754031ACB}.Release|Any CPU.Build.0 = Release|Any CPU
	EndGlobalSection
	GlobalSection(SolutionProperties) = preSolution
		HideSolutionNode = FALSE
	EndGlobalSection
	GlobalSection(ExtensibilityGlobals) = postSolution
		SolutionGuid = {FAF81689-108C-4473-BA60-335FA05AD27E}
	EndGlobalSection
EndGlobal
